
Microsoft Visual Studio Solution File, Format Version 12.00
Project("{FAE04EC0-301F-11D3-BF4B-00C04F79EFBC}") = "Web Application", "Web Application\Web Application.csproj", "{1BBFD09D-7696-4BAD-999F-425077530E57}"
EndProject
Project("{2150E333-8FDC-42A3-9474-1A3956D46DE8}") = "Microservices", "Microservices", "{CD116DB9-4954-404E-BE5F-5B5DA1AAC5FB}"
EndProject
Project("{FAE04EC0-301F-11D3-BF4B-00C04F79EFBC}") = "AuthService", "Microservices\AuthService\AuthService.csproj", "{DCD2F591-276E-4FD2-89F0-00069C32D22E}"
EndProject
Project("{FAE04EC0-301F-11D3-BF4B-00C04F79EFBC}") = "Common", "Microservices\Common\Common.csproj", "{FAFF7555-2A5C-4AAF-9449-0CA560BC3888}"
EndProject
Global
	GlobalSection(SolutionConfigurationPlatforms) = preSolution
		Debug|Any CPU = Debug|Any CPU
		Release|Any CPU = Release|Any CPU
	EndGlobalSection
	GlobalSection(ProjectConfigurationPlatforms) = postSolution
		{1BBFD09D-7696-4BAD-999F-425077530E57}.Debug|Any CPU.ActiveCfg = Debug|Any CPU
		{1BBFD09D-7696-4BAD-999F-425077530E57}.Debug|Any CPU.Build.0 = Debug|Any CPU
		{1BBFD09D-7696-4BAD-999F-425077530E57}.Release|Any CPU.ActiveCfg = Release|Any CPU
		{1BBFD09D-7696-4BAD-999F-425077530E57}.Release|Any CPU.Build.0 = Release|Any CPU
		{DCD2F591-276E-4FD2-89F0-00069C32D22E}.Debug|Any CPU.ActiveCfg = Debug|Any CPU
		{DCD2F591-276E-4FD2-89F0-00069C32D22E}.Debug|Any CPU.Build.0 = Debug|Any CPU
		{DCD2F591-276E-4FD2-89F0-00069C32D22E}.Release|Any CPU.ActiveCfg = Release|Any CPU
		{DCD2F591-276E-4FD2-89F0-00069C32D22E}.Release|Any CPU.Build.0 = Release|Any CPU
		{FAFF7555-2A5C-4AAF-9449-0CA560BC3888}.Debug|Any CPU.ActiveCfg = Debug|Any CPU
		{FAFF7555-2A5C-4AAF-9449-0CA560BC3888}.Debug|Any CPU.Build.0 = Debug|Any CPU
		{FAFF7555-2A5C-4AAF-9449-0CA560BC3888}.Release|Any CPU.ActiveCfg = Release|Any CPU
		{FAFF7555-2A5C-4AAF-9449-0CA560BC3888}.Release|Any CPU.Build.0 = Release|Any CPU
	EndGlobalSection
	GlobalSection(NestedProjects) = preSolution
		{DCD2F591-276E-4FD2-89F0-00069C32D22E} = {CD116DB9-4954-404E-BE5F-5B5DA1AAC5FB}
		{FAFF7555-2A5C-4AAF-9449-0CA560BC3888} = {CD116DB9-4954-404E-BE5F-5B5DA1AAC5FB}
	EndGlobalSection
EndGlobal
